// !$*UTF8*$!
{
	archiveVersion = 1;
	classes = {
	};
	objectVersion = 50;
	objects = {

/* Begin PBXBuildFile section */
		E0707B8820D57C360054B059 /* Mvce.h in Headers */ = {isa = PBXBuildFile; fileRef = E0E7B38920D3B13600E7F6C1 /* Mvce.h */; settings = {ATTRIBUTES = (Public, ); }; };
		E0707B8920D57C560054B059 /* Mvce.swift in Sources */ = {isa = PBXBuildFile; fileRef = E0E7B3A020D3B15900E7F6C1 /* Mvce.swift */; };
		E0E7B39020D3B13600E7F6C1 /* Mvce.framework in Frameworks */ = {isa = PBXBuildFile; fileRef = E0E7B38620D3B13600E7F6C1 /* Mvce.framework */; };
		E0E7B39520D3B13600E7F6C1 /* MiniMVCTests.swift in Sources */ = {isa = PBXBuildFile; fileRef = E0E7B39420D3B13600E7F6C1 /* MiniMVCTests.swift */; };
		E0E7B39720D3B13600E7F6C1 /* Mvce.h in Headers */ = {isa = PBXBuildFile; fileRef = E0E7B38920D3B13600E7F6C1 /* Mvce.h */; settings = {ATTRIBUTES = (Public, ); }; };
		E0E7B3A120D3B15900E7F6C1 /* Mvce.swift in Sources */ = {isa = PBXBuildFile; fileRef = E0E7B3A020D3B15900E7F6C1 /* Mvce.swift */; };
/* End PBXBuildFile section */

/* Begin PBXContainerItemProxy section */
		E0E7B39120D3B13600E7F6C1 /* PBXContainerItemProxy */ = {
			isa = PBXContainerItemProxy;
			containerPortal = E0E7B37D20D3B13600E7F6C1 /* Project object */;
			proxyType = 1;
			remoteGlobalIDString = E0E7B38520D3B13600E7F6C1;
			remoteInfo = MiniMVC;
		};
/* End PBXContainerItemProxy section */

/* Begin PBXFileReference section */
		E0707B8020D57B8E0054B059 /* Mvce.framework */ = {isa = PBXFileReference; explicitFileType = wrapper.framework; includeInIndex = 0; path = Mvce.framework; sourceTree = BUILT_PRODUCTS_DIR; };
		E0E7B38620D3B13600E7F6C1 /* Mvce.framework */ = {isa = PBXFileReference; explicitFileType = wrapper.framework; includeInIndex = 0; path = Mvce.framework; sourceTree = BUILT_PRODUCTS_DIR; };
		E0E7B38920D3B13600E7F6C1 /* Mvce.h */ = {isa = PBXFileReference; lastKnownFileType = sourcecode.c.h; path = Mvce.h; sourceTree = "<group>"; };
		E0E7B38A20D3B13600E7F6C1 /* Info.plist */ = {isa = PBXFileReference; lastKnownFileType = text.plist.xml; path = Info.plist; sourceTree = "<group>"; };
		E0E7B38F20D3B13600E7F6C1 /* MvceTests.xctest */ = {isa = PBXFileReference; explicitFileType = wrapper.cfbundle; includeInIndex = 0; path = MvceTests.xctest; sourceTree = BUILT_PRODUCTS_DIR; };
		E0E7B39420D3B13600E7F6C1 /* MiniMVCTests.swift */ = {isa = PBXFileReference; lastKnownFileType = sourcecode.swift; path = MiniMVCTests.swift; sourceTree = "<group>"; };
		E0E7B39620D3B13600E7F6C1 /* Info.plist */ = {isa = PBXFileReference; lastKnownFileType = text.plist.xml; path = Info.plist; sourceTree = "<group>"; };
		E0E7B3A020D3B15900E7F6C1 /* Mvce.swift */ = {isa = PBXFileReference; lastKnownFileType = sourcecode.swift; path = Mvce.swift; sourceTree = "<group>"; };
		E0EFDC0220D57EC300C0BDC8 /* Info-macOS.plist */ = {isa = PBXFileReference; lastKnownFileType = text.plist.xml; path = "Info-macOS.plist"; sourceTree = "<group>"; };
/* End PBXFileReference section */

/* Begin PBXFrameworksBuildPhase section */
		E0707B7D20D57B8E0054B059 /* Frameworks */ = {
			isa = PBXFrameworksBuildPhase;
			buildActionMask = 2147483647;
			files = (
			);
			runOnlyForDeploymentPostprocessing = 0;
		};
		E0E7B38320D3B13600E7F6C1 /* Frameworks */ = {
			isa = PBXFrameworksBuildPhase;
			buildActionMask = 2147483647;
			files = (
			);
			runOnlyForDeploymentPostprocessing = 0;
		};
		E0E7B38C20D3B13600E7F6C1 /* Frameworks */ = {
			isa = PBXFrameworksBuildPhase;
			buildActionMask = 2147483647;
			files = (
				E0E7B39020D3B13600E7F6C1 /* Mvce.framework in Frameworks */,
			);
			runOnlyForDeploymentPostprocessing = 0;
		};
/* End PBXFrameworksBuildPhase section */

/* Begin PBXGroup section */
		E0E7B37C20D3B13600E7F6C1 = {
			isa = PBXGroup;
			children = (
				E0E7B38820D3B13600E7F6C1 /* Mvce */,
				E0E7B39320D3B13600E7F6C1 /* MvceTests */,
				E0E7B38720D3B13600E7F6C1 /* Products */,
			);
			sourceTree = "<group>";
		};
		E0E7B38720D3B13600E7F6C1 /* Products */ = {
			isa = PBXGroup;
			children = (
				E0E7B38620D3B13600E7F6C1 /* Mvce.framework */,
				E0E7B38F20D3B13600E7F6C1 /* MvceTests.xctest */,
				E0707B8020D57B8E0054B059 /* Mvce.framework */,
			);
			name = Products;
			sourceTree = "<group>";
		};
		E0E7B38820D3B13600E7F6C1 /* Mvce */ = {
			isa = PBXGroup;
			children = (
				E0E7B38920D3B13600E7F6C1 /* Mvce.h */,
				E0E7B3A020D3B15900E7F6C1 /* Mvce.swift */,
				E0E7B38A20D3B13600E7F6C1 /* Info.plist */,
				E0EFDC0220D57EC300C0BDC8 /* Info-macOS.plist */,
			);
			path = Mvce;
			sourceTree = "<group>";
		};
		E0E7B39320D3B13600E7F6C1 /* MvceTests */ = {
			isa = PBXGroup;
			children = (
				E0E7B39420D3B13600E7F6C1 /* MiniMVCTests.swift */,
				E0E7B39620D3B13600E7F6C1 /* Info.plist */,
			);
			path = MvceTests;
			sourceTree = "<group>";
		};
/* End PBXGroup section */

/* Begin PBXHeadersBuildPhase section */
		E0707B7B20D57B8E0054B059 /* Headers */ = {
			isa = PBXHeadersBuildPhase;
			buildActionMask = 2147483647;
			files = (
				E0707B8820D57C360054B059 /* Mvce.h in Headers */,
			);
			runOnlyForDeploymentPostprocessing = 0;
		};
		E0E7B38120D3B13600E7F6C1 /* Headers */ = {
			isa = PBXHeadersBuildPhase;
			buildActionMask = 2147483647;
			files = (
				E0E7B39720D3B13600E7F6C1 /* Mvce.h in Headers */,
			);
			runOnlyForDeploymentPostprocessing = 0;
		};
/* End PBXHeadersBuildPhase section */

/* Begin PBXNativeTarget section */
		E0707B7F20D57B8E0054B059 /* Mvce-macOS */ = {
			isa = PBXNativeTarget;
			buildConfigurationList = E0707B8720D57B8E0054B059 /* Build configuration list for PBXNativeTarget "Mvce-macOS" */;
			buildPhases = (
				E0707B7B20D57B8E0054B059 /* Headers */,
				E0707B7C20D57B8E0054B059 /* Sources */,
				E0707B7D20D57B8E0054B059 /* Frameworks */,
				E0707B7E20D57B8E0054B059 /* Resources */,
			);
			buildRules = (
			);
			dependencies = (
			);
			name = "Mvce-macOS";
			productName = "MiniMVC-macOS";
			productReference = E0707B8020D57B8E0054B059 /* Mvce.framework */;
			productType = "com.apple.product-type.framework";
		};
		E0E7B38520D3B13600E7F6C1 /* Mvce */ = {
			isa = PBXNativeTarget;
			buildConfigurationList = E0E7B39A20D3B13600E7F6C1 /* Build configuration list for PBXNativeTarget "Mvce" */;
			buildPhases = (
				E0E7B38120D3B13600E7F6C1 /* Headers */,
				E0E7B38220D3B13600E7F6C1 /* Sources */,
				E0E7B38320D3B13600E7F6C1 /* Frameworks */,
				E0E7B38420D3B13600E7F6C1 /* Resources */,
			);
			buildRules = (
			);
			dependencies = (
			);
			name = Mvce;
			productName = MiniMVC;
			productReference = E0E7B38620D3B13600E7F6C1 /* Mvce.framework */;
			productType = "com.apple.product-type.framework";
		};
		E0E7B38E20D3B13600E7F6C1 /* MvceTests */ = {
			isa = PBXNativeTarget;
			buildConfigurationList = E0E7B39D20D3B13600E7F6C1 /* Build configuration list for PBXNativeTarget "MvceTests" */;
			buildPhases = (
				E0E7B38B20D3B13600E7F6C1 /* Sources */,
				E0E7B38C20D3B13600E7F6C1 /* Frameworks */,
				E0E7B38D20D3B13600E7F6C1 /* Resources */,
			);
			buildRules = (
			);
			dependencies = (
				E0E7B39220D3B13600E7F6C1 /* PBXTargetDependency */,
			);
			name = MvceTests;
			productName = MiniMVCTests;
			productReference = E0E7B38F20D3B13600E7F6C1 /* MvceTests.xctest */;
			productType = "com.apple.product-type.bundle.unit-test";
		};
/* End PBXNativeTarget section */

/* Begin PBXProject section */
		E0E7B37D20D3B13600E7F6C1 /* Project object */ = {
			isa = PBXProject;
			attributes = {
				LastSwiftUpdateCheck = 1000;
				LastUpgradeCheck = 1000;
				ORGANIZATIONNAME = "CHEN Xianan";
				TargetAttributes = {
					E0707B7F20D57B8E0054B059 = {
						CreatedOnToolsVersion = 10.0;
					};
					E0E7B38520D3B13600E7F6C1 = {
						CreatedOnToolsVersion = 10.0;
						LastSwiftMigration = 1000;
					};
					E0E7B38E20D3B13600E7F6C1 = {
						CreatedOnToolsVersion = 10.0;
					};
				};
			};
			buildConfigurationList = E0E7B38020D3B13600E7F6C1 /* Build configuration list for PBXProject "Mvce" */;
			compatibilityVersion = "Xcode 9.3";
			developmentRegion = en;
			hasScannedForEncodings = 0;
			knownRegions = (
				en,
			);
			mainGroup = E0E7B37C20D3B13600E7F6C1;
			productRefGroup = E0E7B38720D3B13600E7F6C1 /* Products */;
			projectDirPath = "";
			projectRoot = "";
			targets = (
				E0E7B38520D3B13600E7F6C1 /* Mvce */,
				E0E7B38E20D3B13600E7F6C1 /* MvceTests */,
				E0707B7F20D57B8E0054B059 /* Mvce-macOS */,
			);
		};
/* End PBXProject section */

/* Begin PBXResourcesBuildPhase section */
		E0707B7E20D57B8E0054B059 /* Resources */ = {
			isa = PBXResourcesBuildPhase;
			buildActionMask = 2147483647;
			files = (
			);
			runOnlyForDeploymentPostprocessing = 0;
		};
		E0E7B38420D3B13600E7F6C1 /* Resources */ = {
			isa = PBXResourcesBuildPhase;
			buildActionMask = 2147483647;
			files = (
			);
			runOnlyForDeploymentPostprocessing = 0;
		};
		E0E7B38D20D3B13600E7F6C1 /* Resources */ = {
			isa = PBXResourcesBuildPhase;
			buildActionMask = 2147483647;
			files = (
			);
			runOnlyForDeploymentPostprocessing = 0;
		};
/* End PBXResourcesBuildPhase section */

/* Begin PBXSourcesBuildPhase section */
		E0707B7C20D57B8E0054B059 /* Sources */ = {
			isa = PBXSourcesBuildPhase;
			buildActionMask = 2147483647;
			files = (
				E0707B8920D57C560054B059 /* Mvce.swift in Sources */,
			);
			runOnlyForDeploymentPostprocessing = 0;
		};
		E0E7B38220D3B13600E7F6C1 /* Sources */ = {
			isa = PBXSourcesBuildPhase;
			buildActionMask = 2147483647;
			files = (
				E0E7B3A120D3B15900E7F6C1 /* Mvce.swift in Sources */,
			);
			runOnlyForDeploymentPostprocessing = 0;
		};
		E0E7B38B20D3B13600E7F6C1 /* Sources */ = {
			isa = PBXSourcesBuildPhase;
			buildActionMask = 2147483647;
			files = (
				E0E7B39520D3B13600E7F6C1 /* MiniMVCTests.swift in Sources */,
			);
			runOnlyForDeploymentPostprocessing = 0;
		};
/* End PBXSourcesBuildPhase section */

/* Begin PBXTargetDependency section */
		E0E7B39220D3B13600E7F6C1 /* PBXTargetDependency */ = {
			isa = PBXTargetDependency;
			target = E0E7B38520D3B13600E7F6C1 /* Mvce */;
			targetProxy = E0E7B39120D3B13600E7F6C1 /* PBXContainerItemProxy */;
		};
/* End PBXTargetDependency section */

/* Begin XCBuildConfiguration section */
		E0707B8520D57B8E0054B059 /* Debug */ = {
			isa = XCBuildConfiguration;
			buildSettings = {
				CODE_SIGN_IDENTITY = "-";
				CODE_SIGN_STYLE = Automatic;
				COMBINE_HIDPI_IMAGES = YES;
				DEFINES_MODULE = YES;
				DYLIB_COMPATIBILITY_VERSION = 1;
				DYLIB_CURRENT_VERSION = 1;
				DYLIB_INSTALL_NAME_BASE = "@rpath";
				FRAMEWORK_VERSION = A;
				INFOPLIST_FILE = "Mvce/Info-macOS.plist";
				INSTALL_PATH = "$(LOCAL_LIBRARY_DIR)/Frameworks";
				LD_RUNPATH_SEARCH_PATHS = (
					"$(inherited)",
					"@executable_path/../Frameworks",
					"@loader_path/Frameworks",
				);
				MACOSX_DEPLOYMENT_TARGET = 10.9;
				PRODUCT_BUNDLE_IDENTIFIER = com.realazy.Mvce;
				PRODUCT_NAME = Mvce;
				SDKROOT = macosx;
				SKIP_INSTALL = YES;
				SWIFT_VERSION = 4.2;
			};
			name = Debug;
		};
		E0707B8620D57B8E0054B059 /* Release */ = {
			isa = XCBuildConfiguration;
			buildSettings = {
				CODE_SIGN_IDENTITY = "-";
				CODE_SIGN_STYLE = Automatic;
				COMBINE_HIDPI_IMAGES = YES;
				DEFINES_MODULE = YES;
				DYLIB_COMPATIBILITY_VERSION = 1;
				DYLIB_CURRENT_VERSION = 1;
				DYLIB_INSTALL_NAME_BASE = "@rpath";
				FRAMEWORK_VERSION = A;
				INFOPLIST_FILE = "Mvce/Info-macOS.plist";
				INSTALL_PATH = "$(LOCAL_LIBRARY_DIR)/Frameworks";
				LD_RUNPATH_SEARCH_PATHS = (
					"$(inherited)",
					"@executable_path/../Frameworks",
					"@loader_path/Frameworks",
				);
				MACOSX_DEPLOYMENT_TARGET = 10.9;
				PRODUCT_BUNDLE_IDENTIFIER = com.realazy.Mvce;
				PRODUCT_NAME = Mvce;
				SDKROOT = macosx;
				SKIP_INSTALL = YES;
				SWIFT_VERSION = 4.2;
			};
			name = Release;
		};
		E0E7B39820D3B13600E7F6C1 /* Debug */ = {
			isa = XCBuildConfiguration;
			buildSettings = {
				ALWAYS_SEARCH_USER_PATHS = NO;
				CLANG_ANALYZER_NONNULL = YES;
				CLANG_ANALYZER_NUMBER_OBJECT_CONVERSION = YES_AGGRESSIVE;
				CLANG_CXX_LANGUAGE_STANDARD = "gnu++14";
				CLANG_CXX_LIBRARY = "libc++";
				CLANG_ENABLE_MODULES = YES;
				CLANG_ENABLE_OBJC_ARC = YES;
				CLANG_ENABLE_OBJC_WEAK = YES;
				CLANG_WARN_BLOCK_CAPTURE_AUTORELEASING = YES;
				CLANG_WARN_BOOL_CONVERSION = YES;
				CLANG_WARN_COMMA = YES;
				CLANG_WARN_CONSTANT_CONVERSION = YES;
				CLANG_WARN_DEPRECATED_OBJC_IMPLEMENTATIONS = YES;
				CLANG_WARN_DIRECT_OBJC_ISA_USAGE = YES_ERROR;
				CLANG_WARN_DOCUMENTATION_COMMENTS = YES;
				CLANG_WARN_EMPTY_BODY = YES;
				CLANG_WARN_ENUM_CONVERSION = YES;
				CLANG_WARN_INFINITE_RECURSION = YES;
				CLANG_WARN_INT_CONVERSION = YES;
				CLANG_WARN_NON_LITERAL_NULL_CONVERSION = YES;
				CLANG_WARN_OBJC_IMPLICIT_RETAIN_SELF = YES;
				CLANG_WARN_OBJC_LITERAL_CONVERSION = YES;
				CLANG_WARN_OBJC_ROOT_CLASS = YES_ERROR;
				CLANG_WARN_RANGE_LOOP_ANALYSIS = YES;
				CLANG_WARN_STRICT_PROTOTYPES = YES;
				CLANG_WARN_SUSPICIOUS_MOVE = YES;
				CLANG_WARN_UNGUARDED_AVAILABILITY = YES_AGGRESSIVE;
				CLANG_WARN_UNREACHABLE_CODE = YES;
				CLANG_WARN__DUPLICATE_METHOD_MATCH = YES;
				CODE_SIGN_IDENTITY = "iPhone Developer";
				COPY_PHASE_STRIP = NO;
				CURRENT_PROJECT_VERSION = 1;
				DEBUG_INFORMATION_FORMAT = dwarf;
				ENABLE_STRICT_OBJC_MSGSEND = YES;
				ENABLE_TESTABILITY = YES;
				GCC_C_LANGUAGE_STANDARD = gnu11;
				GCC_DYNAMIC_NO_PIC = NO;
				GCC_NO_COMMON_BLOCKS = YES;
				GCC_OPTIMIZATION_LEVEL = 0;
				GCC_PREPROCESSOR_DEFINITIONS = (
					"DEBUG=1",
					"$(inherited)",
				);
				GCC_WARN_64_TO_32_BIT_CONVERSION = YES;
				GCC_WARN_ABOUT_RETURN_TYPE = YES_ERROR;
				GCC_WARN_UNDECLARED_SELECTOR = YES;
				GCC_WARN_UNINITIALIZED_AUTOS = YES_AGGRESSIVE;
				GCC_WARN_UNUSED_FUNCTION = YES;
				GCC_WARN_UNUSED_VARIABLE = YES;
				IPHONEOS_DEPLOYMENT_TARGET = 12.0;
				MTL_ENABLE_DEBUG_INFO = INCLUDE_SOURCE;
				ONLY_ACTIVE_ARCH = YES;
				SDKROOT = iphoneos;
				SWIFT_ACTIVE_COMPILATION_CONDITIONS = DEBUG;
				SWIFT_OPTIMIZATION_LEVEL = "-Onone";
				VERSIONING_SYSTEM = "apple-generic";
				VERSION_INFO_PREFIX = "";
			};
			name = Debug;
		};
		E0E7B39920D3B13600E7F6C1 /* Release */ = {
			isa = XCBuildConfiguration;
			buildSettings = {
				ALWAYS_SEARCH_USER_PATHS = NO;
				CLANG_ANALYZER_NONNULL = YES;
				CLANG_ANALYZER_NUMBER_OBJECT_CONVERSION = YES_AGGRESSIVE;
				CLANG_CXX_LANGUAGE_STANDARD = "gnu++14";
				CLANG_CXX_LIBRARY = "libc++";
				CLANG_ENABLE_MODULES = YES;
				CLANG_ENABLE_OBJC_ARC = YES;
				CLANG_ENABLE_OBJC_WEAK = YES;
				CLANG_WARN_BLOCK_CAPTURE_AUTORELEASING = YES;
				CLANG_WARN_BOOL_CONVERSION = YES;
				CLANG_WARN_COMMA = YES;
				CLANG_WARN_CONSTANT_CONVERSION = YES;
				CLANG_WARN_DEPRECATED_OBJC_IMPLEMENTATIONS = YES;
				CLANG_WARN_DIRECT_OBJC_ISA_USAGE = YES_ERROR;
				CLANG_WARN_DOCUMENTATION_COMMENTS = YES;
				CLANG_WARN_EMPTY_BODY = YES;
				CLANG_WARN_ENUM_CONVERSION = YES;
				CLANG_WARN_INFINITE_RECURSION = YES;
				CLANG_WARN_INT_CONVERSION = YES;
				CLANG_WARN_NON_LITERAL_NULL_CONVERSION = YES;
				CLANG_WARN_OBJC_IMPLICIT_RETAIN_SELF = YES;
				CLANG_WARN_OBJC_LITERAL_CONVERSION = YES;
				CLANG_WARN_OBJC_ROOT_CLASS = YES_ERROR;
				CLANG_WARN_RANGE_LOOP_ANALYSIS = YES;
				CLANG_WARN_STRICT_PROTOTYPES = YES;
				CLANG_WARN_SUSPICIOUS_MOVE = YES;
				CLANG_WARN_UNGUARDED_AVAILABILITY = YES_AGGRESSIVE;
				CLANG_WARN_UNREACHABLE_CODE = YES;
				CLANG_WARN__DUPLICATE_METHOD_MATCH = YES;
				CODE_SIGN_IDENTITY = "iPhone Developer";
				COPY_PHASE_STRIP = NO;
				CURRENT_PROJECT_VERSION = 1;
				DEBUG_INFORMATION_FORMAT = "dwarf-with-dsym";
				ENABLE_NS_ASSERTIONS = NO;
				ENABLE_STRICT_OBJC_MSGSEND = YES;
				GCC_C_LANGUAGE_STANDARD = gnu11;
				GCC_NO_COMMON_BLOCKS = YES;
				GCC_WARN_64_TO_32_BIT_CONVERSION = YES;
				GCC_WARN_ABOUT_RETURN_TYPE = YES_ERROR;
				GCC_WARN_UNDECLARED_SELECTOR = YES;
				GCC_WARN_UNINITIALIZED_AUTOS = YES_AGGRESSIVE;
				GCC_WARN_UNUSED_FUNCTION = YES;
				GCC_WARN_UNUSED_VARIABLE = YES;
				IPHONEOS_DEPLOYMENT_TARGET = 12.0;
				MTL_ENABLE_DEBUG_INFO = NO;
				SDKROOT = iphoneos;
				SWIFT_COMPILATION_MODE = wholemodule;
				SWIFT_OPTIMIZATION_LEVEL = "-O";
				VALIDATE_PRODUCT = YES;
				VERSIONING_SYSTEM = "apple-generic";
				VERSION_INFO_PREFIX = "";
			};
			name = Release;
		};
		E0E7B39B20D3B13600E7F6C1 /* Debug */ = {
			isa = XCBuildConfiguration;
			buildSettings = {
				CLANG_ENABLE_MODULES = YES;
				CODE_SIGN_IDENTITY = "";
				CODE_SIGN_STYLE = Automatic;
				DEFINES_MODULE = YES;
				DYLIB_COMPATIBILITY_VERSION = 1;
				DYLIB_CURRENT_VERSION = 1;
				DYLIB_INSTALL_NAME_BASE = "@rpath";
				INFOPLIST_FILE = Mvce/Info.plist;
				INSTALL_PATH = "$(LOCAL_LIBRARY_DIR)/Frameworks";
				IPHONEOS_DEPLOYMENT_TARGET = 8.0;
				LD_RUNPATH_SEARCH_PATHS = (
					"$(inherited)",
					"@executable_path/Frameworks",
					"@loader_path/Frameworks",
				);
				PRODUCT_BUNDLE_IDENTIFIER = com.realazy.Mvce;
				PRODUCT_NAME = "$(TARGET_NAME:c99extidentifier)";
				SKIP_INSTALL = YES;
				SWIFT_OPTIMIZATION_LEVEL = "-Onone";
				SWIFT_VERSION = 4.2;
				TARGETED_DEVICE_FAMILY = "1,2";
			};
			name = Debug;
		};
		E0E7B39C20D3B13600E7F6C1 /* Release */ = {
			isa = XCBuildConfiguration;
			buildSettings = {
				CLANG_ENABLE_MODULES = YES;
				CODE_SIGN_IDENTITY = "";
				CODE_SIGN_STYLE = Automatic;
				DEFINES_MODULE = YES;
				DYLIB_COMPATIBILITY_VERSION = 1;
				DYLIB_CURRENT_VERSION = 1;
				DYLIB_INSTALL_NAME_BASE = "@rpath";
				INFOPLIST_FILE = Mvce/Info.plist;
				INSTALL_PATH = "$(LOCAL_LIBRARY_DIR)/Frameworks";
				IPHONEOS_DEPLOYMENT_TARGET = 8.0;
				LD_RUNPATH_SEARCH_PATHS = (
					"$(inherited)",
					"@executable_path/Frameworks",
					"@loader_path/Frameworks",
				);
				PRODUCT_BUNDLE_IDENTIFIER = com.realazy.Mvce;
				PRODUCT_NAME = "$(TARGET_NAME:c99extidentifier)";
				SKIP_INSTALL = YES;
				SWIFT_VERSION = 4.2;
				TARGETED_DEVICE_FAMILY = "1,2";
			};
			name = Release;
		};
		E0E7B39E20D3B13600E7F6C1 /* Debug */ = {
			isa = XCBuildConfiguration;
			buildSettings = {
				ALWAYS_EMBED_SWIFT_STANDARD_LIBRARIES = YES;
				CODE_SIGN_STYLE = Automatic;
				INFOPLIST_FILE = MvceTests/Info.plist;
				IPHONEOS_DEPLOYMENT_TARGET = 8.0;
				LD_RUNPATH_SEARCH_PATHS = (
					"$(inherited)",
					"@executable_path/Frameworks",
					"@loader_path/Frameworks",
				);
				PRODUCT_BUNDLE_IDENTIFIER = com.realazy.MvceTests;
				PRODUCT_NAME = "$(TARGET_NAME)";
				SWIFT_VERSION = 4.2;
				TARGETED_DEVICE_FAMILY = "1,2";
			};
			name = Debug;
		};
		E0E7B39F20D3B13600E7F6C1 /* Release */ = {
			isa = XCBuildConfiguration;
			buildSettings = {
				ALWAYS_EMBED_SWIFT_STANDARD_LIBRARIES = YES;
				CODE_SIGN_STYLE = Automatic;
				INFOPLIST_FILE = MvceTests/Info.plist;
				IPHONEOS_DEPLOYMENT_TARGET = 8.0;
				LD_RUNPATH_SEARCH_PATHS = (
					"$(inherited)",
					"@executable_path/Frameworks",
					"@loader_path/Frameworks",
				);
				PRODUCT_BUNDLE_IDENTIFIER = com.realazy.MvceTests;
				PRODUCT_NAME = "$(TARGET_NAME)";
				SWIFT_VERSION = 4.2;
				TARGETED_DEVICE_FAMILY = "1,2";
			};
			name = Release;
		};
/* End XCBuildConfiguration section */

/* Begin XCConfigurationList section */
		E0707B8720D57B8E0054B059 /* Build configuration list for PBXNativeTarget "Mvce-macOS" */ = {
			isa = XCConfigurationList;
			buildConfigurations = (
				E0707B8520D57B8E0054B059 /* Debug */,
				E0707B8620D57B8E0054B059 /* Release */,
			);
			defaultConfigurationIsVisible = 0;
			defaultConfigurationName = Release;
		};
		E0E7B38020D3B13600E7F6C1 /* Build configuration list for PBXProject "Mvce" */ = {
			isa = XCConfigurationList;
			buildConfigurations = (
				E0E7B39820D3B13600E7F6C1 /* Debug */,
				E0E7B39920D3B13600E7F6C1 /* Release */,
			);
			defaultConfigurationIsVisible = 0;
			defaultConfigurationName = Release;
		};
		E0E7B39A20D3B13600E7F6C1 /* Build configuration list for PBXNativeTarget "Mvce" */ = {
			isa = XCConfigurationList;
			buildConfigurations = (
				E0E7B39B20D3B13600E7F6C1 /* Debug */,
				E0E7B39C20D3B13600E7F6C1 /* Release */,
			);
			defaultConfigurationIsVisible = 0;
			defaultConfigurationName = Release;
		};
		E0E7B39D20D3B13600E7F6C1 /* Build configuration list for PBXNativeTarget "MvceTests" */ = {
			isa = XCConfigurationList;
			buildConfigurations = (
				E0E7B39E20D3B13600E7F6C1 /* Debug */,
				E0E7B39F20D3B13600E7F6C1 /* Release */,
			);
			defaultConfigurationIsVisible = 0;
			defaultConfigurationName = Release;
		};
/* End XCConfigurationList section */
	};
	rootObject = E0E7B37D20D3B13600E7F6C1 /* Project object */;
}
